// !$*UTF8*$!
{
	archiveVersion = 1;
	classes = {
	};
	objectVersion = 77;
	objects = {

/* Begin PBXBuildFile section */
		76B4B3AB2CF4609D00FF55E0 /* RealityKitContent in Frameworks */ = {isa = PBXBuildFile; productRef = 76B4B3AA2CF4609D00FF55E0 /* RealityKitContent */; };
/* End PBXBuildFile section */

/* Begin PBXContainerItemProxy section */
		76B4B3C12CF4609F00FF55E0 /* PBXContainerItemProxy */ = {
			isa = PBXContainerItemProxy;
			containerPortal = 76B4B39D2CF4609D00FF55E0 /* Project object */;
			proxyType = 1;
			remoteGlobalIDString = 76B4B3A42CF4609D00FF55E0;
			remoteInfo = ShooteEmAll;
		};
/* End PBXContainerItemProxy section */

/* Begin PBXFileReference section */
		76B4B3A52CF4609D00FF55E0 /* ShooteEmAll.app */ = {isa = PBXFileReference; explicitFileType = wrapper.application; includeInIndex = 0; path = ShooteEmAll.app; sourceTree = BUILT_PRODUCTS_DIR; };
		76B4B3A92CF4609D00FF55E0 /* RealityKitContent */ = {isa = PBXFileReference; lastKnownFileType = wrapper; path = RealityKitContent; sourceTree = "<group>"; };
		76B4B3C02CF4609F00FF55E0 /* ShooteEmAllTests.xctest */ = {isa = PBXFileReference; explicitFileType = wrapper.cfbundle; includeInIndex = 0; path = ShooteEmAllTests.xctest; sourceTree = BUILT_PRODUCTS_DIR; };
/* End PBXFileReference section */

/* Begin PBXFileSystemSynchronizedBuildFileExceptionSet section */
		76B4B3C62CF4609F00FF55E0 /* Exceptions for "ShooteEmAll" folder in "ShooteEmAll" target */ = {
			isa = PBXFileSystemSynchronizedBuildFileExceptionSet;
			membershipExceptions = (
				Info.plist,
			);
			target = 76B4B3A42CF4609D00FF55E0 /* ShooteEmAll */;
		};
/* End PBXFileSystemSynchronizedBuildFileExceptionSet section */

/* Begin PBXFileSystemSynchronizedRootGroup section */
		76B4B3A72CF4609D00FF55E0 /* ShooteEmAll */ = {
			isa = PBXFileSystemSynchronizedRootGroup;
			exceptions = (
				76B4B3C62CF4609F00FF55E0 /* Exceptions for "ShooteEmAll" folder in "ShooteEmAll" target */,
			);
			path = ShooteEmAll;
			sourceTree = "<group>";
		};
		76B4B3C32CF4609F00FF55E0 /* ShooteEmAllTests */ = {
			isa = PBXFileSystemSynchronizedRootGroup;
			path = ShooteEmAllTests;
			sourceTree = "<group>";
		};
/* End PBXFileSystemSynchronizedRootGroup section */

/* Begin PBXFrameworksBuildPhase section */
		76B4B3A22CF4609D00FF55E0 /* Frameworks */ = {
			isa = PBXFrameworksBuildPhase;
			buildActionMask = 2147483647;
			files = (
				76B4B3AB2CF4609D00FF55E0 /* RealityKitContent in Frameworks */,
			);
			runOnlyForDeploymentPostprocessing = 0;
		};
		76B4B3BD2CF4609F00FF55E0 /* Frameworks */ = {
			isa = PBXFrameworksBuildPhase;
			buildActionMask = 2147483647;
			files = (
			);
			runOnlyForDeploymentPostprocessing = 0;
		};
/* End PBXFrameworksBuildPhase section */

/* Begin PBXGroup section */
		76B4B39C2CF4609D00FF55E0 = {
			isa = PBXGroup;
			children = (
				76B4B3A72CF4609D00FF55E0 /* ShooteEmAll */,
				76B4B3A82CF4609D00FF55E0 /* Packages */,
				76B4B3C32CF4609F00FF55E0 /* ShooteEmAllTests */,
				76B4B3A62CF4609D00FF55E0 /* Products */,
			);
			sourceTree = "<group>";
		};
		76B4B3A62CF4609D00FF55E0 /* Products */ = {
			isa = PBXGroup;
			children = (
				76B4B3A52CF4609D00FF55E0 /* ShooteEmAll.app */,
				76B4B3C02CF4609F00FF55E0 /* ShooteEmAllTests.xctest */,
			);
			name = Products;
			sourceTree = "<group>";
		};
		76B4B3A82CF4609D00FF55E0 /* Packages */ = {
			isa = PBXGroup;
			children = (
				76B4B3A92CF4609D00FF55E0 /* RealityKitContent */,
			);
			path = Packages;
			sourceTree = "<group>";
		};
/* End PBXGroup section */

/* Begin PBXNativeTarget section */
		76B4B3A42CF4609D00FF55E0 /* ShooteEmAll */ = {
			isa = PBXNativeTarget;
			buildConfigurationList = 76B4B3C72CF4609F00FF55E0 /* Build configuration list for PBXNativeTarget "ShooteEmAll" */;
			buildPhases = (
				76B4B3A12CF4609D00FF55E0 /* Sources */,
				76B4B3A22CF4609D00FF55E0 /* Frameworks */,
				76B4B3A32CF4609D00FF55E0 /* Resources */,
			);
			buildRules = (
			);
			dependencies = (
			);
			fileSystemSynchronizedGroups = (
				76B4B3A72CF4609D00FF55E0 /* ShooteEmAll */,
			);
			name = ShooteEmAll;
			packageProductDependencies = (
				76B4B3AA2CF4609D00FF55E0 /* RealityKitContent */,
			);
			productName = ShooteEmAll;
			productReference = 76B4B3A52CF4609D00FF55E0 /* ShooteEmAll.app */;
			productType = "com.apple.product-type.application";
		};
		76B4B3BF2CF4609F00FF55E0 /* ShooteEmAllTests */ = {
			isa = PBXNativeTarget;
			buildConfigurationList = 76B4B3CC2CF4609F00FF55E0 /* Build configuration list for PBXNativeTarget "ShooteEmAllTests" */;
			buildPhases = (
				76B4B3BC2CF4609F00FF55E0 /* Sources */,
				76B4B3BD2CF4609F00FF55E0 /* Frameworks */,
				76B4B3BE2CF4609F00FF55E0 /* Resources */,
			);
			buildRules = (
			);
			dependencies = (
				76B4B3C22CF4609F00FF55E0 /* PBXTargetDependency */,
			);
			fileSystemSynchronizedGroups = (
				76B4B3C32CF4609F00FF55E0 /* ShooteEmAllTests */,
			);
			name = ShooteEmAllTests;
			packageProductDependencies = (
			);
			productName = ShooteEmAllTests;
			productReference = 76B4B3C02CF4609F00FF55E0 /* ShooteEmAllTests.xctest */;
			productType = "com.apple.product-type.bundle.unit-test";
		};
/* End PBXNativeTarget section */

/* Begin PBXProject section */
		76B4B39D2CF4609D00FF55E0 /* Project object */ = {
			isa = PBXProject;
			attributes = {
				BuildIndependentTargetsInParallel = 1;
				LastSwiftUpdateCheck = 1600;
				LastUpgradeCheck = 1600;
				TargetAttributes = {
					76B4B3A42CF4609D00FF55E0 = {
						CreatedOnToolsVersion = 16.0;
					};
					76B4B3BF2CF4609F00FF55E0 = {
						CreatedOnToolsVersion = 16.0;
						TestTargetID = 76B4B3A42CF4609D00FF55E0;
					};
				};
			};
			buildConfigurationList = 76B4B3A02CF4609D00FF55E0 /* Build configuration list for PBXProject "ShooteEmAll" */;
			developmentRegion = en;
			hasScannedForEncodings = 0;
			knownRegions = (
				en,
				Base,
			);
			mainGroup = 76B4B39C2CF4609D00FF55E0;
			minimizedProjectReferenceProxies = 1;
			preferredProjectObjectVersion = 77;
			productRefGroup = 76B4B3A62CF4609D00FF55E0 /* Products */;
			projectDirPath = "";
			projectRoot = "";
			targets = (
				76B4B3A42CF4609D00FF55E0 /* ShooteEmAll */,
				76B4B3BF2CF4609F00FF55E0 /* ShooteEmAllTests */,
			);
		};
/* End PBXProject section */

/* Begin PBXResourcesBuildPhase section */
		76B4B3A32CF4609D00FF55E0 /* Resources */ = {
			isa = PBXResourcesBuildPhase;
			buildActionMask = 2147483647;
			files = (
			);
			runOnlyForDeploymentPostprocessing = 0;
		};
		76B4B3BE2CF4609F00FF55E0 /* Resources */ = {
			isa = PBXResourcesBuildPhase;
			buildActionMask = 2147483647;
			files = (
			);
			runOnlyForDeploymentPostprocessing = 0;
		};
/* End PBXResourcesBuildPhase section */

/* Begin PBXSourcesBuildPhase section */
		76B4B3A12CF4609D00FF55E0 /* Sources */ = {
			isa = PBXSourcesBuildPhase;
			buildActionMask = 2147483647;
			files = (
			);
			runOnlyForDeploymentPostprocessing = 0;
		};
		76B4B3BC2CF4609F00FF55E0 /* Sources */ = {
			isa = PBXSourcesBuildPhase;
			buildActionMask = 2147483647;
			files = (
			);
			runOnlyForDeploymentPostprocessing = 0;
		};
/* End PBXSourcesBuildPhase section */

/* Begin PBXTargetDependency section */
		76B4B3C22CF4609F00FF55E0 /* PBXTargetDependency */ = {
			isa = PBXTargetDependency;
			target = 76B4B3A42CF4609D00FF55E0 /* ShooteEmAll */;
			targetProxy = 76B4B3C12CF4609F00FF55E0 /* PBXContainerItemProxy */;
		};
/* End PBXTargetDependency section */

/* Begin XCBuildConfiguration section */
		76B4B3C82CF4609F00FF55E0 /* Debug */ = {
			isa = XCBuildConfiguration;
			buildSettings = {
				ASSETCATALOG_COMPILER_APPICON_NAME = AppIcon;
				ASSETCATALOG_COMPILER_GLOBAL_ACCENT_COLOR_NAME = AccentColor;
				CODE_SIGN_STYLE = Automatic;
				CURRENT_PROJECT_VERSION = 1;
				DEVELOPMENT_ASSET_PATHS = "\"ShooteEmAll/Preview Content\"";
				DEVELOPMENT_TEAM = Y8S98FKX59;
				ENABLE_PREVIEWS = YES;
				GENERATE_INFOPLIST_FILE = YES;
				INFOPLIST_FILE = "$(TARGET_NAME)/Info.plist";
				LD_RUNPATH_SEARCH_PATHS = (
					"$(inherited)",
					"@executable_path/Frameworks",
				);
				MARKETING_VERSION = 1.0;
				PRODUCT_BUNDLE_IDENTIFIER = com.quidich.ShooteEmAll;
				PRODUCT_NAME = "$(TARGET_NAME)";
				SUPPORTED_PLATFORMS = "xros xrsimulator";
				SWIFT_EMIT_LOC_STRINGS = YES;
				SWIFT_VERSION = 5.0;
				TARGETED_DEVICE_FAMILY = 7;
			};
			name = Debug;
		};
		76B4B3C92CF4609F00FF55E0 /* Release */ = {
			isa = XCBuildConfiguration;
			buildSettings = {
				ASSETCATALOG_COMPILER_APPICON_NAME = AppIcon;
				ASSETCATALOG_COMPILER_GLOBAL_ACCENT_COLOR_NAME = AccentColor;
				CODE_SIGN_STYLE = Automatic;
				CURRENT_PROJECT_VERSION = 1;
				DEVELOPMENT_ASSET_PATHS = "\"ShooteEmAll/Preview Content\"";
				DEVELOPMENT_TEAM = Y8S98FKX59;
				ENABLE_PREVIEWS = YES;
				GENERATE_INFOPLIST_FILE = YES;
				INFOPLIST_FILE = "$(TARGET_NAME)/Info.plist";
				LD_RUNPATH_SEARCH_PATHS = (
					"$(inherited)",
					"@executable_path/Frameworks",
				);
				MARKETING_VERSION = 1.0;
				PRODUCT_BUNDLE_IDENTIFIER = com.quidich.ShooteEmAll;
				PRODUCT_NAME = "$(TARGET_NAME)";
				SUPPORTED_PLATFORMS = "xros xrsimulator";
				SWIFT_EMIT_LOC_STRINGS = YES;
				SWIFT_VERSION = 5.0;
				TARGETED_DEVICE_FAMILY = 7;
			};
			name = Release;
		};
		76B4B3CA2CF4609F00FF55E0 /* Debug */ = {
			isa = XCBuildConfiguration;
			buildSettings = {
				ALWAYS_SEARCH_USER_PATHS = NO;
				ASSETCATALOG_COMPILER_GENERATE_SWIFT_ASSET_SYMBOL_EXTENSIONS = YES;
				CLANG_ANALYZER_NONNULL = YES;
				CLANG_ANALYZER_NUMBER_OBJECT_CONVERSION = YES_AGGRESSIVE;
				CLANG_CXX_LANGUAGE_STANDARD = "gnu++20";
				CLANG_ENABLE_MODULES = YES;
				CLANG_ENABLE_OBJC_ARC = YES;
				CLANG_ENABLE_OBJC_WEAK = YES;
				CLANG_WARN_BLOCK_CAPTURE_AUTORELEASING = YES;
				CLANG_WARN_BOOL_CONVERSION = YES;
				CLANG_WARN_COMMA = YES;
				CLANG_WARN_CONSTANT_CONVERSION = YES;
				CLANG_WARN_DEPRECATED_OBJC_IMPLEMENTATIONS = YES;
				CLANG_WARN_DIRECT_OBJC_ISA_USAGE = YES_ERROR;
				CLANG_WARN_DOCUMENTATION_COMMENTS = YES;
				CLANG_WARN_EMPTY_BODY = YES;
				CLANG_WARN_ENUM_CONVERSION = YES;
				CLANG_WARN_INFINITE_RECURSION = YES;
				CLANG_WARN_INT_CONVERSION = YES;
				CLANG_WARN_NON_LITERAL_NULL_CONVERSION = YES;
				CLANG_WARN_OBJC_IMPLICIT_RETAIN_SELF = YES;
				CLANG_WARN_OBJC_LITERAL_CONVERSION = YES;
				CLANG_WARN_OBJC_ROOT_CLASS = YES_ERROR;
				CLANG_WARN_QUOTED_INCLUDE_IN_FRAMEWORK_HEADER = YES;
				CLANG_WARN_RANGE_LOOP_ANALYSIS = YES;
				CLANG_WARN_STRICT_PROTOTYPES = YES;
				CLANG_WARN_SUSPICIOUS_MOVE = YES;
				CLANG_WARN_UNGUARDED_AVAILABILITY = YES_AGGRESSIVE;
				CLANG_WARN_UNREACHABLE_CODE = YES;
				CLANG_WARN__DUPLICATE_METHOD_MATCH = YES;
				COPY_PHASE_STRIP = NO;
				DEBUG_INFORMATION_FORMAT = dwarf;
				ENABLE_STRICT_OBJC_MSGSEND = YES;
				ENABLE_TESTABILITY = YES;
				ENABLE_USER_SCRIPT_SANDBOXING = YES;
				GCC_C_LANGUAGE_STANDARD = gnu17;
				GCC_DYNAMIC_NO_PIC = NO;
				GCC_NO_COMMON_BLOCKS = YES;
				GCC_OPTIMIZATION_LEVEL = 0;
				GCC_PREPROCESSOR_DEFINITIONS = (
					"DEBUG=1",
					"$(inherited)",
				);
				GCC_WARN_64_TO_32_BIT_CONVERSION = YES;
				GCC_WARN_ABOUT_RETURN_TYPE = YES_ERROR;
				GCC_WARN_UNDECLARED_SELECTOR = YES;
				GCC_WARN_UNINITIALIZED_AUTOS = YES_AGGRESSIVE;
				GCC_WARN_UNUSED_FUNCTION = YES;
				GCC_WARN_UNUSED_VARIABLE = YES;
				LOCALIZATION_PREFERS_STRING_CATALOGS = YES;
				MTL_ENABLE_DEBUG_INFO = INCLUDE_SOURCE;
				MTL_FAST_MATH = YES;
				ONLY_ACTIVE_ARCH = YES;
				SDKROOT = xros;
				SWIFT_ACTIVE_COMPILATION_CONDITIONS = "DEBUG $(inherited)";
				SWIFT_OPTIMIZATION_LEVEL = "-Onone";
				XROS_DEPLOYMENT_TARGET = 2.0;
			};
			name = Debug;
		};
		76B4B3CB2CF4609F00FF55E0 /* Release */ = {
			isa = XCBuildConfiguration;
			buildSettings = {
				ALWAYS_SEARCH_USER_PATHS = NO;
				ASSETCATALOG_COMPILER_GENERATE_SWIFT_ASSET_SYMBOL_EXTENSIONS = YES;
				CLANG_ANALYZER_NONNULL = YES;
				CLANG_ANALYZER_NUMBER_OBJECT_CONVERSION = YES_AGGRESSIVE;
				CLANG_CXX_LANGUAGE_STANDARD = "gnu++20";
				CLANG_ENABLE_MODULES = YES;
				CLANG_ENABLE_OBJC_ARC = YES;
				CLANG_ENABLE_OBJC_WEAK = YES;
				CLANG_WARN_BLOCK_CAPTURE_AUTORELEASING = YES;
				CLANG_WARN_BOOL_CONVERSION = YES;
				CLANG_WARN_COMMA = YES;
				CLANG_WARN_CONSTANT_CONVERSION = YES;
				CLANG_WARN_DEPRECATED_OBJC_IMPLEMENTATIONS = YES;
				CLANG_WARN_DIRECT_OBJC_ISA_USAGE = YES_ERROR;
				CLANG_WARN_DOCUMENTATION_COMMENTS = YES;
				CLANG_WARN_EMPTY_BODY = YES;
				CLANG_WARN_ENUM_CONVERSION = YES;
				CLANG_WARN_INFINITE_RECURSION = YES;
				CLANG_WARN_INT_CONVERSION = YES;
				CLANG_WARN_NON_LITERAL_NULL_CONVERSION = YES;
				CLANG_WARN_OBJC_IMPLICIT_RETAIN_SELF = YES;
				CLANG_WARN_OBJC_LITERAL_CONVERSION = YES;
				CLANG_WARN_OBJC_ROOT_CLASS = YES_ERROR;
				CLANG_WARN_QUOTED_INCLUDE_IN_FRAMEWORK_HEADER = YES;
				CLANG_WARN_RANGE_LOOP_ANALYSIS = YES;
				CLANG_WARN_STRICT_PROTOTYPES = YES;
				CLANG_WARN_SUSPICIOUS_MOVE = YES;
				CLANG_WARN_UNGUARDED_AVAILABILITY = YES_AGGRESSIVE;
				CLANG_WARN_UNREACHABLE_CODE = YES;
				CLANG_WARN__DUPLICATE_METHOD_MATCH = YES;
				COPY_PHASE_STRIP = NO;
				DEBUG_INFORMATION_FORMAT = "dwarf-with-dsym";
				ENABLE_NS_ASSERTIONS = NO;
				ENABLE_STRICT_OBJC_MSGSEND = YES;
				ENABLE_USER_SCRIPT_SANDBOXING = YES;
				GCC_C_LANGUAGE_STANDARD = gnu17;
				GCC_NO_COMMON_BLOCKS = YES;
				GCC_WARN_64_TO_32_BIT_CONVERSION = YES;
				GCC_WARN_ABOUT_RETURN_TYPE = YES_ERROR;
				GCC_WARN_UNDECLARED_SELECTOR = YES;
				GCC_WARN_UNINITIALIZED_AUTOS = YES_AGGRESSIVE;
				GCC_WARN_UNUSED_FUNCTION = YES;
				GCC_WARN_UNUSED_VARIABLE = YES;
				LOCALIZATION_PREFERS_STRING_CATALOGS = YES;
				MTL_ENABLE_DEBUG_INFO = NO;
				MTL_FAST_MATH = YES;
				SDKROOT = xros;
				SWIFT_COMPILATION_MODE = wholemodule;
				VALIDATE_PRODUCT = YES;
				XROS_DEPLOYMENT_TARGET = 2.0;
			};
			name = Release;
		};
		76B4B3CD2CF4609F00FF55E0 /* Debug */ = {
			isa = XCBuildConfiguration;
			buildSettings = {
				BUNDLE_LOADER = "$(TEST_HOST)";
				CODE_SIGN_STYLE = Automatic;
				CURRENT_PROJECT_VERSION = 1;
				DEVELOPMENT_TEAM = Y8S98FKX59;
				GENERATE_INFOPLIST_FILE = YES;
				MARKETING_VERSION = 1.0;
				PRODUCT_BUNDLE_IDENTIFIER = com.quidich.ShooteEmAllTests;
				PRODUCT_NAME = "$(TARGET_NAME)";
				SUPPORTED_PLATFORMS = "xros xrsimulator";
				SWIFT_EMIT_LOC_STRINGS = NO;
				SWIFT_VERSION = 5.0;
				TARGETED_DEVICE_FAMILY = 7;
				TEST_HOST = "$(BUILT_PRODUCTS_DIR)/ShooteEmAll.app/$(BUNDLE_EXECUTABLE_FOLDER_PATH)/ShooteEmAll";
				XROS_DEPLOYMENT_TARGET = 2.0;
			};
			name = Debug;
		};
		76B4B3CE2CF4609F00FF55E0 /* Release */ = {
			isa = XCBuildConfiguration;
			buildSettings = {
				BUNDLE_LOADER = "$(TEST_HOST)";
				CODE_SIGN_STYLE = Automatic;
				CURRENT_PROJECT_VERSION = 1;
				DEVELOPMENT_TEAM = Y8S98FKX59;
				GENERATE_INFOPLIST_FILE = YES;
				MARKETING_VERSION = 1.0;
				PRODUCT_BUNDLE_IDENTIFIER = com.quidich.ShooteEmAllTests;
				PRODUCT_NAME = "$(TARGET_NAME)";
				SUPPORTED_PLATFORMS = "xros xrsimulator";
				SWIFT_EMIT_LOC_STRINGS = NO;
				SWIFT_VERSION = 5.0;
				TARGETED_DEVICE_FAMILY = 7;
				TEST_HOST = "$(BUILT_PRODUCTS_DIR)/ShooteEmAll.app/$(BUNDLE_EXECUTABLE_FOLDER_PATH)/ShooteEmAll";
				XROS_DEPLOYMENT_TARGET = 2.0;
			};
			name = Release;
		};
/* End XCBuildConfiguration section */

/* Begin XCConfigurationList section */
		76B4B3A02CF4609D00FF55E0 /* Build configuration list for PBXProject "ShooteEmAll" */ = {
			isa = XCConfigurationList;
			buildConfigurations = (
				76B4B3CA2CF4609F00FF55E0 /* Debug */,
				76B4B3CB2CF4609F00FF55E0 /* Release */,
			);
			defaultConfigurationIsVisible = 0;
			defaultConfigurationName = Release;
		};
		76B4B3C72CF4609F00FF55E0 /* Build configuration list for PBXNativeTarget "ShooteEmAll" */ = {
			isa = XCConfigurationList;
			buildConfigurations = (
				76B4B3C82CF4609F00FF55E0 /* Debug */,
				76B4B3C92CF4609F00FF55E0 /* Release */,
			);
			defaultConfigurationIsVisible = 0;
			defaultConfigurationName = Release;
		};
		76B4B3CC2CF4609F00FF55E0 /* Build configuration list for PBXNativeTarget "ShooteEmAllTests" */ = {
			isa = XCConfigurationList;
			buildConfigurations = (
				76B4B3CD2CF4609F00FF55E0 /* Debug */,
				76B4B3CE2CF4609F00FF55E0 /* Release */,
			);
			defaultConfigurationIsVisible = 0;
			defaultConfigurationName = Release;
		};
/* End XCConfigurationList section */

/* Begin XCSwiftPackageProductDependency section */
		76B4B3AA2CF4609D00FF55E0 /* RealityKitContent */ = {
			isa = XCSwiftPackageProductDependency;
			productName = RealityKitContent;
		};
/* End XCSwiftPackageProductDependency section */
	};
	rootObject = 76B4B39D2CF4609D00FF55E0 /* Project object */;
}
